// !$*UTF8*$!
{
	archiveVersion = 1;
	classes = {
	};
	objectVersion = 52;
	objects = {

/* Begin PBXBuildFile section */
		6388D8CB25C150FD00CE0514 /* AppDelegate.swift in Sources */ = {isa = PBXBuildFile; fileRef = 6388D8CA25C150FD00CE0514 /* AppDelegate.swift */; };
		6388D8CD25C150FD00CE0514 /* SceneDelegate.swift in Sources */ = {isa = PBXBuildFile; fileRef = 6388D8CC25C150FD00CE0514 /* SceneDelegate.swift */; };
		6388D8CF25C150FD00CE0514 /* ViewController.swift in Sources */ = {isa = PBXBuildFile; fileRef = 6388D8CE25C150FD00CE0514 /* ViewController.swift */; };
		6388D8D225C150FD00CE0514 /* Main.storyboard in Resources */ = {isa = PBXBuildFile; fileRef = 6388D8D025C150FD00CE0514 /* Main.storyboard */; };
		6388D8D425C150FF00CE0514 /* Assets.xcassets in Resources */ = {isa = PBXBuildFile; fileRef = 6388D8D325C150FF00CE0514 /* Assets.xcassets */; };
		6388D8D725C150FF00CE0514 /* LaunchScreen.storyboard in Resources */ = {isa = PBXBuildFile; fileRef = 6388D8D525C150FF00CE0514 /* LaunchScreen.storyboard */; };
		6388D8E225C150FF00CE0514 /* NVActivityIndicatorViewSumpleTests.swift in Sources */ = {isa = PBXBuildFile; fileRef = 6388D8E125C150FF00CE0514 /* NVActivityIndicatorViewSumpleTests.swift */; };
		6388D8ED25C150FF00CE0514 /* NVActivityIndicatorViewSumpleUITests.swift in Sources */ = {isa = PBXBuildFile; fileRef = 6388D8EC25C150FF00CE0514 /* NVActivityIndicatorViewSumpleUITests.swift */; };
		6388D90325C151C500CE0514 /* NVActivityIndicatorView in Frameworks */ = {isa = PBXBuildFile; productRef = 6388D90225C151C500CE0514 /* NVActivityIndicatorView */; };
		6388D90525C151C500CE0514 /* NVActivityIndicatorViewExtended in Frameworks */ = {isa = PBXBuildFile; productRef = 6388D90425C151C500CE0514 /* NVActivityIndicatorViewExtended */; };
/* End PBXBuildFile section */

/* Begin PBXContainerItemProxy section */
		6388D8DE25C150FF00CE0514 /* PBXContainerItemProxy */ = {
			isa = PBXContainerItemProxy;
			containerPortal = 6388D8BF25C150FD00CE0514 /* Project object */;
			proxyType = 1;
			remoteGlobalIDString = 6388D8C625C150FD00CE0514;
			remoteInfo = NVActivityIndicatorViewSumple;
		};
		6388D8E925C150FF00CE0514 /* PBXContainerItemProxy */ = {
			isa = PBXContainerItemProxy;
			containerPortal = 6388D8BF25C150FD00CE0514 /* Project object */;
			proxyType = 1;
			remoteGlobalIDString = 6388D8C625C150FD00CE0514;
			remoteInfo = NVActivityIndicatorViewSumple;
		};
/* End PBXContainerItemProxy section */

/* Begin PBXFileReference section */
		6388D8C725C150FD00CE0514 /* NVActivityIndicatorViewSumple.app */ = {isa = PBXFileReference; explicitFileType = wrapper.application; includeInIndex = 0; path = NVActivityIndicatorViewSumple.app; sourceTree = BUILT_PRODUCTS_DIR; };
		6388D8CA25C150FD00CE0514 /* AppDelegate.swift */ = {isa = PBXFileReference; lastKnownFileType = sourcecode.swift; path = AppDelegate.swift; sourceTree = "<group>"; };
		6388D8CC25C150FD00CE0514 /* SceneDelegate.swift */ = {isa = PBXFileReference; lastKnownFileType = sourcecode.swift; path = SceneDelegate.swift; sourceTree = "<group>"; };
		6388D8CE25C150FD00CE0514 /* ViewController.swift */ = {isa = PBXFileReference; lastKnownFileType = sourcecode.swift; path = ViewController.swift; sourceTree = "<group>"; };
		6388D8D125C150FD00CE0514 /* Base */ = {isa = PBXFileReference; lastKnownFileType = file.storyboard; name = Base; path = Base.lproj/Main.storyboard; sourceTree = "<group>"; };
		6388D8D325C150FF00CE0514 /* Assets.xcassets */ = {isa = PBXFileReference; lastKnownFileType = folder.assetcatalog; path = Assets.xcassets; sourceTree = "<group>"; };
		6388D8D625C150FF00CE0514 /* Base */ = {isa = PBXFileReference; lastKnownFileType = file.storyboard; name = Base; path = Base.lproj/LaunchScreen.storyboard; sourceTree = "<group>"; };
		6388D8D825C150FF00CE0514 /* Info.plist */ = {isa = PBXFileReference; lastKnownFileType = text.plist.xml; path = Info.plist; sourceTree = "<group>"; };
		6388D8DD25C150FF00CE0514 /* NVActivityIndicatorViewSumpleTests.xctest */ = {isa = PBXFileReference; explicitFileType = wrapper.cfbundle; includeInIndex = 0; path = NVActivityIndicatorViewSumpleTests.xctest; sourceTree = BUILT_PRODUCTS_DIR; };
		6388D8E125C150FF00CE0514 /* NVActivityIndicatorViewSumpleTests.swift */ = {isa = PBXFileReference; lastKnownFileType = sourcecode.swift; path = NVActivityIndicatorViewSumpleTests.swift; sourceTree = "<group>"; };
		6388D8E325C150FF00CE0514 /* Info.plist */ = {isa = PBXFileReference; lastKnownFileType = text.plist.xml; path = Info.plist; sourceTree = "<group>"; };
		6388D8E825C150FF00CE0514 /* NVActivityIndicatorViewSumpleUITests.xctest */ = {isa = PBXFileReference; explicitFileType = wrapper.cfbundle; includeInIndex = 0; path = NVActivityIndicatorViewSumpleUITests.xctest; sourceTree = BUILT_PRODUCTS_DIR; };
		6388D8EC25C150FF00CE0514 /* NVActivityIndicatorViewSumpleUITests.swift */ = {isa = PBXFileReference; lastKnownFileType = sourcecode.swift; path = NVActivityIndicatorViewSumpleUITests.swift; sourceTree = "<group>"; };
		6388D8EE25C150FF00CE0514 /* Info.plist */ = {isa = PBXFileReference; lastKnownFileType = text.plist.xml; path = Info.plist; sourceTree = "<group>"; };
/* End PBXFileReference section */

/* Begin PBXFrameworksBuildPhase section */
		6388D8C425C150FD00CE0514 /* Frameworks */ = {
			isa = PBXFrameworksBuildPhase;
			buildActionMask = 2147483647;
			files = (
				6388D90325C151C500CE0514 /* NVActivityIndicatorView in Frameworks */,
				6388D90525C151C500CE0514 /* NVActivityIndicatorViewExtended in Frameworks */,
			);
			runOnlyForDeploymentPostprocessing = 0;
		};
		6388D8DA25C150FF00CE0514 /* Frameworks */ = {
			isa = PBXFrameworksBuildPhase;
			buildActionMask = 2147483647;
			files = (
			);
			runOnlyForDeploymentPostprocessing = 0;
		};
		6388D8E525C150FF00CE0514 /* Frameworks */ = {
			isa = PBXFrameworksBuildPhase;
			buildActionMask = 2147483647;
			files = (
			);
			runOnlyForDeploymentPostprocessing = 0;
		};
/* End PBXFrameworksBuildPhase section */

/* Begin PBXGroup section */
		6388D8BE25C150FD00CE0514 = {
			isa = PBXGroup;
			children = (
				6388D8C925C150FD00CE0514 /* NVActivityIndicatorViewSumple */,
				6388D8E025C150FF00CE0514 /* NVActivityIndicatorViewSumpleTests */,
				6388D8EB25C150FF00CE0514 /* NVActivityIndicatorViewSumpleUITests */,
				6388D8C825C150FD00CE0514 /* Products */,
			);
			sourceTree = "<group>";
		};
		6388D8C825C150FD00CE0514 /* Products */ = {
			isa = PBXGroup;
			children = (
				6388D8C725C150FD00CE0514 /* NVActivityIndicatorViewSumple.app */,
				6388D8DD25C150FF00CE0514 /* NVActivityIndicatorViewSumpleTests.xctest */,
				6388D8E825C150FF00CE0514 /* NVActivityIndicatorViewSumpleUITests.xctest */,
			);
			name = Products;
			sourceTree = "<group>";
		};
		6388D8C925C150FD00CE0514 /* NVActivityIndicatorViewSumple */ = {
			isa = PBXGroup;
			children = (
				6388D8CA25C150FD00CE0514 /* AppDelegate.swift */,
				6388D8CC25C150FD00CE0514 /* SceneDelegate.swift */,
				6388D8CE25C150FD00CE0514 /* ViewController.swift */,
				6388D8D025C150FD00CE0514 /* Main.storyboard */,
				6388D8D325C150FF00CE0514 /* Assets.xcassets */,
				6388D8D525C150FF00CE0514 /* LaunchScreen.storyboard */,
				6388D8D825C150FF00CE0514 /* Info.plist */,
			);
			path = NVActivityIndicatorViewSumple;
			sourceTree = "<group>";
		};
		6388D8E025C150FF00CE0514 /* NVActivityIndicatorViewSumpleTests */ = {
			isa = PBXGroup;
			children = (
				6388D8E125C150FF00CE0514 /* NVActivityIndicatorViewSumpleTests.swift */,
				6388D8E325C150FF00CE0514 /* Info.plist */,
			);
			path = NVActivityIndicatorViewSumpleTests;
			sourceTree = "<group>";
		};
		6388D8EB25C150FF00CE0514 /* NVActivityIndicatorViewSumpleUITests */ = {
			isa = PBXGroup;
			children = (
				6388D8EC25C150FF00CE0514 /* NVActivityIndicatorViewSumpleUITests.swift */,
				6388D8EE25C150FF00CE0514 /* Info.plist */,
			);
			path = NVActivityIndicatorViewSumpleUITests;
			sourceTree = "<group>";
		};
/* End PBXGroup section */

/* Begin PBXNativeTarget section */
		6388D8C625C150FD00CE0514 /* NVActivityIndicatorViewSumple */ = {
			isa = PBXNativeTarget;
			buildConfigurationList = 6388D8F125C150FF00CE0514 /* Build configuration list for PBXNativeTarget "NVActivityIndicatorViewSumple" */;
			buildPhases = (
				6388D8C325C150FD00CE0514 /* Sources */,
				6388D8C425C150FD00CE0514 /* Frameworks */,
				6388D8C525C150FD00CE0514 /* Resources */,
			);
			buildRules = (
			);
			dependencies = (
			);
			name = NVActivityIndicatorViewSumple;
			packageProductDependencies = (
				6388D90225C151C500CE0514 /* NVActivityIndicatorView */,
				6388D90425C151C500CE0514 /* NVActivityIndicatorViewExtended */,
			);
			productName = NVActivityIndicatorViewSumple;
			productReference = 6388D8C725C150FD00CE0514 /* NVActivityIndicatorViewSumple.app */;
			productType = "com.apple.product-type.application";
		};
		6388D8DC25C150FF00CE0514 /* NVActivityIndicatorViewSumpleTests */ = {
			isa = PBXNativeTarget;
			buildConfigurationList = 6388D8F425C150FF00CE0514 /* Build configuration list for PBXNativeTarget "NVActivityIndicatorViewSumpleTests" */;
			buildPhases = (
				6388D8D925C150FF00CE0514 /* Sources */,
				6388D8DA25C150FF00CE0514 /* Frameworks */,
				6388D8DB25C150FF00CE0514 /* Resources */,
			);
			buildRules = (
			);
			dependencies = (
				6388D8DF25C150FF00CE0514 /* PBXTargetDependency */,
			);
			name = NVActivityIndicatorViewSumpleTests;
			productName = NVActivityIndicatorViewSumpleTests;
			productReference = 6388D8DD25C150FF00CE0514 /* NVActivityIndicatorViewSumpleTests.xctest */;
			productType = "com.apple.product-type.bundle.unit-test";
		};
		6388D8E725C150FF00CE0514 /* NVActivityIndicatorViewSumpleUITests */ = {
			isa = PBXNativeTarget;
			buildConfigurationList = 6388D8F725C150FF00CE0514 /* Build configuration list for PBXNativeTarget "NVActivityIndicatorViewSumpleUITests" */;
			buildPhases = (
				6388D8E425C150FF00CE0514 /* Sources */,
				6388D8E525C150FF00CE0514 /* Frameworks */,
				6388D8E625C150FF00CE0514 /* Resources */,
			);
			buildRules = (
			);
			dependencies = (
				6388D8EA25C150FF00CE0514 /* PBXTargetDependency */,
			);
			name = NVActivityIndicatorViewSumpleUITests;
			productName = NVActivityIndicatorViewSumpleUITests;
			productReference = 6388D8E825C150FF00CE0514 /* NVActivityIndicatorViewSumpleUITests.xctest */;
			productType = "com.apple.product-type.bundle.ui-testing";
		};
/* End PBXNativeTarget section */

/* Begin PBXProject section */
		6388D8BF25C150FD00CE0514 /* Project object */ = {
			isa = PBXProject;
			attributes = {
				LastSwiftUpdateCheck = 1230;
				LastUpgradeCheck = 1230;
				TargetAttributes = {
					6388D8C625C150FD00CE0514 = {
						CreatedOnToolsVersion = 12.3;
					};
					6388D8DC25C150FF00CE0514 = {
						CreatedOnToolsVersion = 12.3;
						TestTargetID = 6388D8C625C150FD00CE0514;
					};
					6388D8E725C150FF00CE0514 = {
						CreatedOnToolsVersion = 12.3;
						TestTargetID = 6388D8C625C150FD00CE0514;
					};
				};
			};
			buildConfigurationList = 6388D8C225C150FD00CE0514 /* Build configuration list for PBXProject "NVActivityIndicatorViewSumple" */;
			compatibilityVersion = "Xcode 9.3";
			developmentRegion = en;
			hasScannedForEncodings = 0;
			knownRegions = (
				en,
				Base,
			);
			mainGroup = 6388D8BE25C150FD00CE0514;
			packageReferences = (
				6388D90125C151C500CE0514 /* XCRemoteSwiftPackageReference "NVActivityIndicatorView" */,
			);
			productRefGroup = 6388D8C825C150FD00CE0514 /* Products */;
			projectDirPath = "";
			projectRoot = "";
			targets = (
				6388D8C625C150FD00CE0514 /* NVActivityIndicatorViewSumple */,
				6388D8DC25C150FF00CE0514 /* NVActivityIndicatorViewSumpleTests */,
				6388D8E725C150FF00CE0514 /* NVActivityIndicatorViewSumpleUITests */,
			);
		};
/* End PBXProject section */

/* Begin PBXResourcesBuildPhase section */
		6388D8C525C150FD00CE0514 /* Resources */ = {
			isa = PBXResourcesBuildPhase;
			buildActionMask = 2147483647;
			files = (
				6388D8D725C150FF00CE0514 /* LaunchScreen.storyboard in Resources */,
				6388D8D425C150FF00CE0514 /* Assets.xcassets in Resources */,
				6388D8D225C150FD00CE0514 /* Main.storyboard in Resources */,
			);
			runOnlyForDeploymentPostprocessing = 0;
		};
		6388D8DB25C150FF00CE0514 /* Resources */ = {
			isa = PBXResourcesBuildPhase;
			buildActionMask = 2147483647;
			files = (
			);
			runOnlyForDeploymentPostprocessing = 0;
		};
		6388D8E625C150FF00CE0514 /* Resources */ = {
			isa = PBXResourcesBuildPhase;
			buildActionMask = 2147483647;
			files = (
			);
			runOnlyForDeploymentPostprocessing = 0;
		};
/* End PBXResourcesBuildPhase section */

/* Begin PBXSourcesBuildPhase section */
		6388D8C325C150FD00CE0514 /* Sources */ = {
			isa = PBXSourcesBuildPhase;
			buildActionMask = 2147483647;
			files = (
				6388D8CF25C150FD00CE0514 /* ViewController.swift in Sources */,
				6388D8CB25C150FD00CE0514 /* AppDelegate.swift in Sources */,
				6388D8CD25C150FD00CE0514 /* SceneDelegate.swift in Sources */,
			);
			runOnlyForDeploymentPostprocessing = 0;
		};
		6388D8D925C150FF00CE0514 /* Sources */ = {
			isa = PBXSourcesBuildPhase;
			buildActionMask = 2147483647;
			files = (
				6388D8E225C150FF00CE0514 /* NVActivityIndicatorViewSumpleTests.swift in Sources */,
			);
			runOnlyForDeploymentPostprocessing = 0;
		};
		6388D8E425C150FF00CE0514 /* Sources */ = {
			isa = PBXSourcesBuildPhase;
			buildActionMask = 2147483647;
			files = (
				6388D8ED25C150FF00CE0514 /* NVActivityIndicatorViewSumpleUITests.swift in Sources */,
			);
			runOnlyForDeploymentPostprocessing = 0;
		};
/* End PBXSourcesBuildPhase section */

/* Begin PBXTargetDependency section */
		6388D8DF25C150FF00CE0514 /* PBXTargetDependency */ = {
			isa = PBXTargetDependency;
			target = 6388D8C625C150FD00CE0514 /* NVActivityIndicatorViewSumple */;
			targetProxy = 6388D8DE25C150FF00CE0514 /* PBXContainerItemProxy */;
		};
		6388D8EA25C150FF00CE0514 /* PBXTargetDependency */ = {
			isa = PBXTargetDependency;
			target = 6388D8C625C150FD00CE0514 /* NVActivityIndicatorViewSumple */;
			targetProxy = 6388D8E925C150FF00CE0514 /* PBXContainerItemProxy */;
		};
/* End PBXTargetDependency section */

/* Begin PBXVariantGroup section */
		6388D8D025C150FD00CE0514 /* Main.storyboard */ = {
			isa = PBXVariantGroup;
			children = (
				6388D8D125C150FD00CE0514 /* Base */,
			);
			name = Main.storyboard;
			sourceTree = "<group>";
		};
		6388D8D525C150FF00CE0514 /* LaunchScreen.storyboard */ = {
			isa = PBXVariantGroup;
			children = (
				6388D8D625C150FF00CE0514 /* Base */,
			);
			name = LaunchScreen.storyboard;
			sourceTree = "<group>";
		};
/* End PBXVariantGroup section */

/* Begin XCBuildConfiguration section */
		6388D8EF25C150FF00CE0514 /* Debug */ = {
			isa = XCBuildConfiguration;
			buildSettings = {
				ALWAYS_SEARCH_USER_PATHS = NO;
				CLANG_ANALYZER_NONNULL = YES;
				CLANG_ANALYZER_NUMBER_OBJECT_CONVERSION = YES_AGGRESSIVE;
				CLANG_CXX_LANGUAGE_STANDARD = "gnu++14";
				CLANG_CXX_LIBRARY = "libc++";
				CLANG_ENABLE_MODULES = YES;
				CLANG_ENABLE_OBJC_ARC = YES;
				CLANG_ENABLE_OBJC_WEAK = YES;
				CLANG_WARN_BLOCK_CAPTURE_AUTORELEASING = YES;
				CLANG_WARN_BOOL_CONVERSION = YES;
				CLANG_WARN_COMMA = YES;
				CLANG_WARN_CONSTANT_CONVERSION = YES;
				CLANG_WARN_DEPRECATED_OBJC_IMPLEMENTATIONS = YES;
				CLANG_WARN_DIRECT_OBJC_ISA_USAGE = YES_ERROR;
				CLANG_WARN_DOCUMENTATION_COMMENTS = YES;
				CLANG_WARN_EMPTY_BODY = YES;
				CLANG_WARN_ENUM_CONVERSION = YES;
				CLANG_WARN_INFINITE_RECURSION = YES;
				CLANG_WARN_INT_CONVERSION = YES;
				CLANG_WARN_NON_LITERAL_NULL_CONVERSION = YES;
				CLANG_WARN_OBJC_IMPLICIT_RETAIN_SELF = YES;
				CLANG_WARN_OBJC_LITERAL_CONVERSION = YES;
				CLANG_WARN_OBJC_ROOT_CLASS = YES_ERROR;
				CLANG_WARN_QUOTED_INCLUDE_IN_FRAMEWORK_HEADER = YES;
				CLANG_WARN_RANGE_LOOP_ANALYSIS = YES;
				CLANG_WARN_STRICT_PROTOTYPES = YES;
				CLANG_WARN_SUSPICIOUS_MOVE = YES;
				CLANG_WARN_UNGUARDED_AVAILABILITY = YES_AGGRESSIVE;
				CLANG_WARN_UNREACHABLE_CODE = YES;
				CLANG_WARN__DUPLICATE_METHOD_MATCH = YES;
				COPY_PHASE_STRIP = NO;
				DEBUG_INFORMATION_FORMAT = dwarf;
				ENABLE_STRICT_OBJC_MSGSEND = YES;
				ENABLE_TESTABILITY = YES;
				GCC_C_LANGUAGE_STANDARD = gnu11;
				GCC_DYNAMIC_NO_PIC = NO;
				GCC_NO_COMMON_BLOCKS = YES;
				GCC_OPTIMIZATION_LEVEL = 0;
				GCC_PREPROCESSOR_DEFINITIONS = (
					"DEBUG=1",
					"$(inherited)",
				);
				GCC_WARN_64_TO_32_BIT_CONVERSION = YES;
				GCC_WARN_ABOUT_RETURN_TYPE = YES_ERROR;
				GCC_WARN_UNDECLARED_SELECTOR = YES;
				GCC_WARN_UNINITIALIZED_AUTOS = YES_AGGRESSIVE;
				GCC_WARN_UNUSED_FUNCTION = YES;
				GCC_WARN_UNUSED_VARIABLE = YES;
				IPHONEOS_DEPLOYMENT_TARGET = 14.3;
				MTL_ENABLE_DEBUG_INFO = INCLUDE_SOURCE;
				MTL_FAST_MATH = YES;
				ONLY_ACTIVE_ARCH = YES;
				SDKROOT = iphoneos;
				SWIFT_ACTIVE_COMPILATION_CONDITIONS = DEBUG;
				SWIFT_OPTIMIZATION_LEVEL = "-Onone";
			};
			name = Debug;
		};
		6388D8F025C150FF00CE0514 /* Release */ = {
			isa = XCBuildConfiguration;
			buildSettings = {
				ALWAYS_SEARCH_USER_PATHS = NO;
				CLANG_ANALYZER_NONNULL = YES;
				CLANG_ANALYZER_NUMBER_OBJECT_CONVERSION = YES_AGGRESSIVE;
				CLANG_CXX_LANGUAGE_STANDARD = "gnu++14";
				CLANG_CXX_LIBRARY = "libc++";
				CLANG_ENABLE_MODULES = YES;
				CLANG_ENABLE_OBJC_ARC = YES;
				CLANG_ENABLE_OBJC_WEAK = YES;
				CLANG_WARN_BLOCK_CAPTURE_AUTORELEASING = YES;
				CLANG_WARN_BOOL_CONVERSION = YES;
				CLANG_WARN_COMMA = YES;
				CLANG_WARN_CONSTANT_CONVERSION = YES;
				CLANG_WARN_DEPRECATED_OBJC_IMPLEMENTATIONS = YES;
				CLANG_WARN_DIRECT_OBJC_ISA_USAGE = YES_ERROR;
				CLANG_WARN_DOCUMENTATION_COMMENTS = YES;
				CLANG_WARN_EMPTY_BODY = YES;
				CLANG_WARN_ENUM_CONVERSION = YES;
				CLANG_WARN_INFINITE_RECURSION = YES;
				CLANG_WARN_INT_CONVERSION = YES;
				CLANG_WARN_NON_LITERAL_NULL_CONVERSION = YES;
				CLANG_WARN_OBJC_IMPLICIT_RETAIN_SELF = YES;
				CLANG_WARN_OBJC_LITERAL_CONVERSION = YES;
				CLANG_WARN_OBJC_ROOT_CLASS = YES_ERROR;
				CLANG_WARN_QUOTED_INCLUDE_IN_FRAMEWORK_HEADER = YES;
				CLANG_WARN_RANGE_LOOP_ANALYSIS = YES;
				CLANG_WARN_STRICT_PROTOTYPES = YES;
				CLANG_WARN_SUSPICIOUS_MOVE = YES;
				CLANG_WARN_UNGUARDED_AVAILABILITY = YES_AGGRESSIVE;
				CLANG_WARN_UNREACHABLE_CODE = YES;
				CLANG_WARN__DUPLICATE_METHOD_MATCH = YES;
				COPY_PHASE_STRIP = NO;
				DEBUG_INFORMATION_FORMAT = "dwarf-with-dsym";
				ENABLE_NS_ASSERTIONS = NO;
				ENABLE_STRICT_OBJC_MSGSEND = YES;
				GCC_C_LANGUAGE_STANDARD = gnu11;
				GCC_NO_COMMON_BLOCKS = YES;
				GCC_WARN_64_TO_32_BIT_CONVERSION = YES;
				GCC_WARN_ABOUT_RETURN_TYPE = YES_ERROR;
				GCC_WARN_UNDECLARED_SELECTOR = YES;
				GCC_WARN_UNINITIALIZED_AUTOS = YES_AGGRESSIVE;
				GCC_WARN_UNUSED_FUNCTION = YES;
				GCC_WARN_UNUSED_VARIABLE = YES;
				IPHONEOS_DEPLOYMENT_TARGET = 14.3;
				MTL_ENABLE_DEBUG_INFO = NO;
				MTL_FAST_MATH = YES;
				SDKROOT = iphoneos;
				SWIFT_COMPILATION_MODE = wholemodule;
				SWIFT_OPTIMIZATION_LEVEL = "-O";
				VALIDATE_PRODUCT = YES;
			};
			name = Release;
		};
		6388D8F225C150FF00CE0514 /* Debug */ = {
			isa = XCBuildConfiguration;
			buildSettings = {
				ASSETCATALOG_COMPILER_APPICON_NAME = AppIcon;
				ASSETCATALOG_COMPILER_GLOBAL_ACCENT_COLOR_NAME = AccentColor;
				CODE_SIGN_STYLE = Automatic;
				DEVELOPMENT_TEAM = 6F53DA3D67;
				INFOPLIST_FILE = NVActivityIndicatorViewSumple/Info.plist;
				LD_RUNPATH_SEARCH_PATHS = (
					"$(inherited)",
					"@executable_path/Frameworks",
				);
				PRODUCT_BUNDLE_IDENTIFIER = net.AyumuTazawa.NVActivityIndicatorViewSumple;
				PRODUCT_NAME = "$(TARGET_NAME)";
				SWIFT_VERSION = 5.0;
				TARGETED_DEVICE_FAMILY = "1,2";
			};
			name = Debug;
		};
		6388D8F325C150FF00CE0514 /* Release */ = {
			isa = XCBuildConfiguration;
			buildSettings = {
				ASSETCATALOG_COMPILER_APPICON_NAME = AppIcon;
				ASSETCATALOG_COMPILER_GLOBAL_ACCENT_COLOR_NAME = AccentColor;
				CODE_SIGN_STYLE = Automatic;
				DEVELOPMENT_TEAM = 6F53DA3D67;
				INFOPLIST_FILE = NVActivityIndicatorViewSumple/Info.plist;
				LD_RUNPATH_SEARCH_PATHS = (
					"$(inherited)",
					"@executable_path/Frameworks",
				);
				PRODUCT_BUNDLE_IDENTIFIER = net.AyumuTazawa.NVActivityIndicatorViewSumple;
				PRODUCT_NAME = "$(TARGET_NAME)";
				SWIFT_VERSION = 5.0;
				TARGETED_DEVICE_FAMILY = "1,2";
			};
			name = Release;
		};
		6388D8F525C150FF00CE0514 /* Debug */ = {
			isa = XCBuildConfiguration;
			buildSettings = {
				ALWAYS_EMBED_SWIFT_STANDARD_LIBRARIES = YES;
				BUNDLE_LOADER = "$(TEST_HOST)";
				CODE_SIGN_STYLE = Automatic;
				DEVELOPMENT_TEAM = 6F53DA3D67;
				INFOPLIST_FILE = NVActivityIndicatorViewSumpleTests/Info.plist;
				IPHONEOS_DEPLOYMENT_TARGET = 14.3;
				LD_RUNPATH_SEARCH_PATHS = (
					"$(inherited)",
					"@executable_path/Frameworks",
					"@loader_path/Frameworks",
				);
				PRODUCT_BUNDLE_IDENTIFIER = net.AyumuTazawa.NVActivityIndicatorViewSumpleTests;
				PRODUCT_NAME = "$(TARGET_NAME)";
				SWIFT_VERSION = 5.0;
				TARGETED_DEVICE_FAMILY = "1,2";
				TEST_HOST = "$(BUILT_PRODUCTS_DIR)/NVActivityIndicatorViewSumple.app/NVActivityIndicatorViewSumple";
			};
			name = Debug;
		};
		6388D8F625C150FF00CE0514 /* Release */ = {
			isa = XCBuildConfiguration;
			buildSettings = {
				ALWAYS_EMBED_SWIFT_STANDARD_LIBRARIES = YES;
				BUNDLE_LOADER = "$(TEST_HOST)";
				CODE_SIGN_STYLE = Automatic;
				DEVELOPMENT_TEAM = 6F53DA3D67;
				INFOPLIST_FILE = NVActivityIndicatorViewSumpleTests/Info.plist;
				IPHONEOS_DEPLOYMENT_TARGET = 14.3;
				LD_RUNPATH_SEARCH_PATHS = (
					"$(inherited)",
					"@executable_path/Frameworks",
					"@loader_path/Frameworks",
				);
				PRODUCT_BUNDLE_IDENTIFIER = net.AyumuTazawa.NVActivityIndicatorViewSumpleTests;
				PRODUCT_NAME = "$(TARGET_NAME)";
				SWIFT_VERSION = 5.0;
				TARGETED_DEVICE_FAMILY = "1,2";
				TEST_HOST = "$(BUILT_PRODUCTS_DIR)/NVActivityIndicatorViewSumple.app/NVActivityIndicatorViewSumple";
			};
			name = Release;
		};
		6388D8F825C150FF00CE0514 /* Debug */ = {
			isa = XCBuildConfiguration;
			buildSettings = {
				ALWAYS_EMBED_SWIFT_STANDARD_LIBRARIES = YES;
				CODE_SIGN_STYLE = Automatic;
				DEVELOPMENT_TEAM = 6F53DA3D67;
				INFOPLIST_FILE = NVActivityIndicatorViewSumpleUITests/Info.plist;
				LD_RUNPATH_SEARCH_PATHS = (
					"$(inherited)",
					"@executable_path/Frameworks",
					"@loader_path/Frameworks",
				);
				PRODUCT_BUNDLE_IDENTIFIER = net.AyumuTazawa.NVActivityIndicatorViewSumpleUITests;
				PRODUCT_NAME = "$(TARGET_NAME)";
				SWIFT_VERSION = 5.0;
				TARGETED_DEVICE_FAMILY = "1,2";
				TEST_TARGET_NAME = NVActivityIndicatorViewSumple;
			};
			name = Debug;
		};
		6388D8F925C150FF00CE0514 /* Release */ = {
			isa = XCBuildConfiguration;
			buildSettings = {
				ALWAYS_EMBED_SWIFT_STANDARD_LIBRARIES = YES;
				CODE_SIGN_STYLE = Automatic;
				DEVELOPMENT_TEAM = 6F53DA3D67;
				INFOPLIST_FILE = NVActivityIndicatorViewSumpleUITests/Info.plist;
				LD_RUNPATH_SEARCH_PATHS = (
					"$(inherited)",
					"@executable_path/Frameworks",
					"@loader_path/Frameworks",
				);
				PRODUCT_BUNDLE_IDENTIFIER = net.AyumuTazawa.NVActivityIndicatorViewSumpleUITests;
				PRODUCT_NAME = "$(TARGET_NAME)";
				SWIFT_VERSION = 5.0;
				TARGETED_DEVICE_FAMILY = "1,2";
				TEST_TARGET_NAME = NVActivityIndicatorViewSumple;
			};
			name = Release;
		};
/* End XCBuildConfiguration section */

/* Begin XCConfigurationList section */
		6388D8C225C150FD00CE0514 /* Build configuration list for PBXProject "NVActivityIndicatorViewSumple" */ = {
			isa = XCConfigurationList;
			buildConfigurations = (
				6388D8EF25C150FF00CE0514 /* Debug */,
				6388D8F025C150FF00CE0514 /* Release */,
			);
			defaultConfigurationIsVisible = 0;
			defaultConfigurationName = Release;
		};
		6388D8F125C150FF00CE0514 /* Build configuration list for PBXNativeTarget "NVActivityIndicatorViewSumple" */ = {
			isa = XCConfigurationList;
			buildConfigurations = (
				6388D8F225C150FF00CE0514 /* Debug */,
				6388D8F325C150FF00CE0514 /* Release */,
			);
			defaultConfigurationIsVisible = 0;
			defaultConfigurationName = Release;
		};
		6388D8F425C150FF00CE0514 /* Build configuration list for PBXNativeTarget "NVActivityIndicatorViewSumpleTests" */ = {
			isa = XCConfigurationList;
			buildConfigurations = (
				6388D8F525C150FF00CE0514 /* Debug */,
				6388D8F625C150FF00CE0514 /* Release */,
			);
			defaultConfigurationIsVisible = 0;
			defaultConfigurationName = Release;
		};
		6388D8F725C150FF00CE0514 /* Build configuration list for PBXNativeTarget "NVActivityIndicatorViewSumpleUITests" */ = {
			isa = XCConfigurationList;
			buildConfigurations = (
				6388D8F825C150FF00CE0514 /* Debug */,
				6388D8F925C150FF00CE0514 /* Release */,
			);
			defaultConfigurationIsVisible = 0;
			defaultConfigurationName = Release;
		};
/* End XCConfigurationList section */

/* Begin XCRemoteSwiftPackageReference section */
		6388D90125C151C500CE0514 /* XCRemoteSwiftPackageReference "NVActivityIndicatorView" */ = {
			isa = XCRemoteSwiftPackageReference;
			repositoryURL = "https://github.com/ninjaprox/NVActivityIndicatorView";
			requirement = {
				kind = upToNextMajorVersion;
				minimumVersion = 5.1.1;
			};
		};
/* End XCRemoteSwiftPackageReference section */

/* Begin XCSwiftPackageProductDependency section */
		6388D90225C151C500CE0514 /* NVActivityIndicatorView */ = {
			isa = XCSwiftPackageProductDependency;
			package = 6388D90125C151C500CE0514 /* XCRemoteSwiftPackageReference "NVActivityIndicatorView" */;
			productName = NVActivityIndicatorView;
		};
		6388D90425C151C500CE0514 /* NVActivityIndicatorViewExtended */ = {
			isa = XCSwiftPackageProductDependency;
			package = 6388D90125C151C500CE0514 /* XCRemoteSwiftPackageReference "NVActivityIndicatorView" */;
			productName = NVActivityIndicatorViewExtended;
		};
/* End XCSwiftPackageProductDependency section */
	};
	rootObject = 6388D8BF25C150FD00CE0514 /* Project object */;
}
